// !$*UTF8*$!
{
	archiveVersion = 1;
	classes = {
	};
	objectVersion = 51;
	objects = {

/* Begin PBXBuildFile section */
		89C8067A15F20885617AB314 /* Pods_ThePasar.framework in Frameworks */ = {isa = PBXBuildFile; fileRef = 849F19812C1577C01AC9A928 /* Pods_ThePasar.framework */; };
		D2232D6C25752A01008070A9 /* WalkthroughContentVC.swift in Sources */ = {isa = PBXBuildFile; fileRef = D2232D6B25752A01008070A9 /* WalkthroughContentVC.swift */; };
		D2232D6F25752B8E008070A9 /* WalkthroughPageVC.swift in Sources */ = {isa = PBXBuildFile; fileRef = D2232D6E25752B8E008070A9 /* WalkthroughPageVC.swift */; };
		D2232D7225753091008070A9 /* WalkthroughVC.swift in Sources */ = {isa = PBXBuildFile; fileRef = D2232D7125753091008070A9 /* WalkthroughVC.swift */; };
		D22E99E12576309500183A20 /* ViewProductsVC.swift in Sources */ = {isa = PBXBuildFile; fileRef = D22E99E02576309500183A20 /* ViewProductsVC.swift */; };
		D234CB93256E479D0046EB83 /* PasswordResetVC.swift in Sources */ = {isa = PBXBuildFile; fileRef = D234CB92256E479D0046EB83 /* PasswordResetVC.swift */; };
		D24A90E824C965C800BC726F /* SignupProfileImageVC.swift in Sources */ = {isa = PBXBuildFile; fileRef = D24A90E724C965C800BC726F /* SignupProfileImageVC.swift */; };
		D24C4CB124C7F094005F27E4 /* SignUpVC.swift in Sources */ = {isa = PBXBuildFile; fileRef = D24C4CAF24C7F094005F27E4 /* SignUpVC.swift */; };
		D24C4CB224C7F094005F27E4 /* LoginVC.swift in Sources */ = {isa = PBXBuildFile; fileRef = D24C4CB024C7F094005F27E4 /* LoginVC.swift */; };
		D24C4CB724C7F346005F27E4 /* RoundButton.swift in Sources */ = {isa = PBXBuildFile; fileRef = D24C4CB424C7F345005F27E4 /* RoundButton.swift */; };
		D24C4CB824C7F346005F27E4 /* RoundImage.swift in Sources */ = {isa = PBXBuildFile; fileRef = D24C4CB524C7F345005F27E4 /* RoundImage.swift */; };
		D24C4CB924C7F346005F27E4 /* ImageCache.swift in Sources */ = {isa = PBXBuildFile; fileRef = D24C4CB624C7F346005F27E4 /* ImageCache.swift */; };
		D24C4CBC24C7F409005F27E4 /* AuthServices.swift in Sources */ = {isa = PBXBuildFile; fileRef = D24C4CBB24C7F409005F27E4 /* AuthServices.swift */; };
		D24C4CBF24C82057005F27E4 /* Constant.swift in Sources */ = {isa = PBXBuildFile; fileRef = D24C4CBE24C82057005F27E4 /* Constant.swift */; };
		D24EF9C724CA9792005937C5 /* MainTabVC.swift in Sources */ = {isa = PBXBuildFile; fileRef = D24EF9C624CA9792005937C5 /* MainTabVC.swift */; };
		D24EF9C924CA9FFC005937C5 /* User.swift in Sources */ = {isa = PBXBuildFile; fileRef = D24EF9C824CA9FFC005937C5 /* User.swift */; };
		D2506AE124D2764500BF160B /* productCell.swift in Sources */ = {isa = PBXBuildFile; fileRef = D2506ADF24D2764400BF160B /* productCell.swift */; };
		D2506AE224D2764500BF160B /* productCell.xib in Resources */ = {isa = PBXBuildFile; fileRef = D2506AE024D2764500BF160B /* productCell.xib */; };
		D2506AE424D2839D00BF160B /* ProductVC.swift in Sources */ = {isa = PBXBuildFile; fileRef = D2506AE324D2839D00BF160B /* ProductVC.swift */; };
		D2506AE724D29A7100BF160B /* radiusSettingPopup.swift in Sources */ = {isa = PBXBuildFile; fileRef = D2506AE524D29A7100BF160B /* radiusSettingPopup.swift */; };
		D2506AE824D29A7100BF160B /* radiusSettingPopup.xib in Resources */ = {isa = PBXBuildFile; fileRef = D2506AE624D29A7100BF160B /* radiusSettingPopup.xib */; };
		D2506AEB24D2AE7000BF160B /* addToOderPopup.swift in Sources */ = {isa = PBXBuildFile; fileRef = D2506AE924D2AE7000BF160B /* addToOderPopup.swift */; };
		D2506AEC24D2AE7000BF160B /* addToOderPopup.xib in Resources */ = {isa = PBXBuildFile; fileRef = D2506AEA24D2AE7000BF160B /* addToOderPopup.xib */; };
		D2508C092522166C006E1178 /* profileCell.swift in Sources */ = {isa = PBXBuildFile; fileRef = D2508C072522166C006E1178 /* profileCell.swift */; };
		D2508C0A2522166C006E1178 /* profileCell.xib in Resources */ = {isa = PBXBuildFile; fileRef = D2508C082522166C006E1178 /* profileCell.xib */; };
		D250EB3025231D45000FBB8C /* updateAddressPopup.swift in Sources */ = {isa = PBXBuildFile; fileRef = D250EB2E25231D45000FBB8C /* updateAddressPopup.swift */; };
		D250EB3125231D45000FBB8C /* updateAddressPopup.xib in Resources */ = {isa = PBXBuildFile; fileRef = D250EB2F25231D45000FBB8C /* updateAddressPopup.xib */; };
		D25134342570E6D00051A319 /* GoogleService-Info.plist in Resources */ = {isa = PBXBuildFile; fileRef = D25134332570E6D00051A319 /* GoogleService-Info.plist */; };
		D2516458252EEB3B00B4C16D /* HistoryVC.swift in Sources */ = {isa = PBXBuildFile; fileRef = D2516457252EEB3B00B4C16D /* HistoryVC.swift */; };
		D251645C252EFF2B00B4C16D /* receiptHeader.xib in Resources */ = {isa = PBXBuildFile; fileRef = D251645A252EFF2A00B4C16D /* receiptHeader.xib */; };
		D251645D252EFF2B00B4C16D /* receiptHeader.swift in Sources */ = {isa = PBXBuildFile; fileRef = D251645B252EFF2B00B4C16D /* receiptHeader.swift */; };
		D2516460252F089B00B4C16D /* ComplaintServices.swift in Sources */ = {isa = PBXBuildFile; fileRef = D251645F252F089B00B4C16D /* ComplaintServices.swift */; };
		D2516464252F0A0800B4C16D /* lodgeComplaintPopup.swift in Sources */ = {isa = PBXBuildFile; fileRef = D2516462252F0A0800B4C16D /* lodgeComplaintPopup.swift */; };
		D2516465252F0A0800B4C16D /* lodgeComplaintPopup.xib in Resources */ = {isa = PBXBuildFile; fileRef = D2516463252F0A0800B4C16D /* lodgeComplaintPopup.xib */; };
		D2517119251C8E340064A237 /* rejectedReasonPopup.swift in Sources */ = {isa = PBXBuildFile; fileRef = D2517117251C8E330064A237 /* rejectedReasonPopup.swift */; };
		D251711A251C8E340064A237 /* rejectedReasonPopup.xib in Resources */ = {isa = PBXBuildFile; fileRef = D2517118251C8E340064A237 /* rejectedReasonPopup.xib */; };
		D251FDF624EBB190005B751F /* OrdersVC.swift in Sources */ = {isa = PBXBuildFile; fileRef = D251FDF524EBB190005B751F /* OrdersVC.swift */; };
		D251FDF924EBB4CD005B751F /* orderHeader.swift in Sources */ = {isa = PBXBuildFile; fileRef = D251FDF724EBB4CC005B751F /* orderHeader.swift */; };
		D251FDFA24EBB4CD005B751F /* orderHeader.xib in Resources */ = {isa = PBXBuildFile; fileRef = D251FDF824EBB4CD005B751F /* orderHeader.xib */; };
		D251FDFC24EBC0D5005B751F /* OrderServices.swift in Sources */ = {isa = PBXBuildFile; fileRef = D251FDFB24EBC0D5005B751F /* OrderServices.swift */; };
		D251FDFF24EBD214005B751F /* rejectedCommentPopup.swift in Sources */ = {isa = PBXBuildFile; fileRef = D251FDFD24EBD214005B751F /* rejectedCommentPopup.swift */; };
		D251FE0024EBD214005B751F /* rejectedCommentPopup.xib in Resources */ = {isa = PBXBuildFile; fileRef = D251FDFE24EBD214005B751F /* rejectedCommentPopup.xib */; };
		D25283AF24DA689A00325978 /* PurchaseServices.swift in Sources */ = {isa = PBXBuildFile; fileRef = D25283AE24DA689A00325978 /* PurchaseServices.swift */; };
		D253969424D93833004665E3 /* CartVC.swift in Sources */ = {isa = PBXBuildFile; fileRef = D253969324D93833004665E3 /* CartVC.swift */; };
		D253969724D94629004665E3 /* cartCell.swift in Sources */ = {isa = PBXBuildFile; fileRef = D253969524D94629004665E3 /* cartCell.swift */; };
		D253969824D94629004665E3 /* cartCell.xib in Resources */ = {isa = PBXBuildFile; fileRef = D253969624D94629004665E3 /* cartCell.xib */; };
		D254C02C24D14E7500E7C69E /* GeoHash.swift in Sources */ = {isa = PBXBuildFile; fileRef = D254C02B24D14E7400E7C69E /* GeoHash.swift */; };
		D254C02F24D1596100E7C69E /* Product.swift in Sources */ = {isa = PBXBuildFile; fileRef = D254C02D24D1596100E7C69E /* Product.swift */; };
		D254C03024D1596100E7C69E /* Store.swift in Sources */ = {isa = PBXBuildFile; fileRef = D254C02E24D1596100E7C69E /* Store.swift */; };
		D254C03224D1610100E7C69E /* StoreServices.swift in Sources */ = {isa = PBXBuildFile; fileRef = D254C03124D1610100E7C69E /* StoreServices.swift */; };
		D254C03524D164D100E7C69E /* storeCell.swift in Sources */ = {isa = PBXBuildFile; fileRef = D254C03324D164D100E7C69E /* storeCell.swift */; };
		D254C03624D164D100E7C69E /* storeCell.xib in Resources */ = {isa = PBXBuildFile; fileRef = D254C03424D164D100E7C69E /* storeCell.xib */; };
		D254DC7D2521E5EB002B7E17 /* ProfileVC.swift in Sources */ = {isa = PBXBuildFile; fileRef = D254DC7C2521E5EB002B7E17 /* ProfileVC.swift */; };
		D270EC8124C6C42100C9B3A7 /* AppDelegate.swift in Sources */ = {isa = PBXBuildFile; fileRef = D270EC8024C6C42100C9B3A7 /* AppDelegate.swift */; };
		D270EC8524C6C42100C9B3A7 /* ViewController.swift in Sources */ = {isa = PBXBuildFile; fileRef = D270EC8424C6C42100C9B3A7 /* ViewController.swift */; };
		D270EC8824C6C42200C9B3A7 /* Main.storyboard in Resources */ = {isa = PBXBuildFile; fileRef = D270EC8624C6C42200C9B3A7 /* Main.storyboard */; };
		D270EC8A24C6C43900C9B3A7 /* Assets.xcassets in Resources */ = {isa = PBXBuildFile; fileRef = D270EC8924C6C43900C9B3A7 /* Assets.xcassets */; };
		D270EC8D24C6C43900C9B3A7 /* LaunchScreen.storyboard in Resources */ = {isa = PBXBuildFile; fileRef = D270EC8B24C6C43900C9B3A7 /* LaunchScreen.storyboard */; };
		D28BE2FC256B93560006B51D /* NotificationServices.swift in Sources */ = {isa = PBXBuildFile; fileRef = D28BE2FB256B93560006B51D /* NotificationServices.swift */; };
/* End PBXBuildFile section */

/* Begin PBXFileReference section */
		366837CEE764D81C2E67E99C /* Pods-ThePasar.debug.xcconfig */ = {isa = PBXFileReference; includeInIndex = 1; lastKnownFileType = text.xcconfig; name = "Pods-ThePasar.debug.xcconfig"; path = "Target Support Files/Pods-ThePasar/Pods-ThePasar.debug.xcconfig"; sourceTree = "<group>"; };
		3D64DD778F8A139DC76AE048 /* Pods-ThePasar.release.xcconfig */ = {isa = PBXFileReference; includeInIndex = 1; lastKnownFileType = text.xcconfig; name = "Pods-ThePasar.release.xcconfig"; path = "Target Support Files/Pods-ThePasar/Pods-ThePasar.release.xcconfig"; sourceTree = "<group>"; };
		849F19812C1577C01AC9A928 /* Pods_ThePasar.framework */ = {isa = PBXFileReference; explicitFileType = wrapper.framework; includeInIndex = 0; path = Pods_ThePasar.framework; sourceTree = BUILT_PRODUCTS_DIR; };
		D2232D6B25752A01008070A9 /* WalkthroughContentVC.swift */ = {isa = PBXFileReference; lastKnownFileType = sourcecode.swift; path = WalkthroughContentVC.swift; sourceTree = "<group>"; };
		D2232D6E25752B8E008070A9 /* WalkthroughPageVC.swift */ = {isa = PBXFileReference; lastKnownFileType = sourcecode.swift; path = WalkthroughPageVC.swift; sourceTree = "<group>"; };
		D2232D7125753091008070A9 /* WalkthroughVC.swift */ = {isa = PBXFileReference; lastKnownFileType = sourcecode.swift; path = WalkthroughVC.swift; sourceTree = "<group>"; };
		D22E99E02576309500183A20 /* ViewProductsVC.swift */ = {isa = PBXFileReference; lastKnownFileType = sourcecode.swift; path = ViewProductsVC.swift; sourceTree = "<group>"; };
		D234CB92256E479D0046EB83 /* PasswordResetVC.swift */ = {isa = PBXFileReference; lastKnownFileType = sourcecode.swift; path = PasswordResetVC.swift; sourceTree = "<group>"; };
		D24A90E724C965C800BC726F /* SignupProfileImageVC.swift */ = {isa = PBXFileReference; lastKnownFileType = sourcecode.swift; path = SignupProfileImageVC.swift; sourceTree = "<group>"; };
		D24C4CAF24C7F094005F27E4 /* SignUpVC.swift */ = {isa = PBXFileReference; fileEncoding = 4; lastKnownFileType = sourcecode.swift; path = SignUpVC.swift; sourceTree = "<group>"; };
		D24C4CB024C7F094005F27E4 /* LoginVC.swift */ = {isa = PBXFileReference; fileEncoding = 4; lastKnownFileType = sourcecode.swift; path = LoginVC.swift; sourceTree = "<group>"; };
		D24C4CB424C7F345005F27E4 /* RoundButton.swift */ = {isa = PBXFileReference; fileEncoding = 4; lastKnownFileType = sourcecode.swift; path = RoundButton.swift; sourceTree = "<group>"; };
		D24C4CB524C7F345005F27E4 /* RoundImage.swift */ = {isa = PBXFileReference; fileEncoding = 4; lastKnownFileType = sourcecode.swift; path = RoundImage.swift; sourceTree = "<group>"; };
		D24C4CB624C7F346005F27E4 /* ImageCache.swift */ = {isa = PBXFileReference; fileEncoding = 4; lastKnownFileType = sourcecode.swift; path = ImageCache.swift; sourceTree = "<group>"; };
		D24C4CBB24C7F409005F27E4 /* AuthServices.swift */ = {isa = PBXFileReference; fileEncoding = 4; lastKnownFileType = sourcecode.swift; path = AuthServices.swift; sourceTree = "<group>"; };
		D24C4CBE24C82057005F27E4 /* Constant.swift */ = {isa = PBXFileReference; lastKnownFileType = sourcecode.swift; path = Constant.swift; sourceTree = "<group>"; };
		D24EF9C624CA9792005937C5 /* MainTabVC.swift */ = {isa = PBXFileReference; lastKnownFileType = sourcecode.swift; path = MainTabVC.swift; sourceTree = "<group>"; };
		D24EF9C824CA9FFC005937C5 /* User.swift */ = {isa = PBXFileReference; lastKnownFileType = sourcecode.swift; path = User.swift; sourceTree = "<group>"; };
		D2506ADF24D2764400BF160B /* productCell.swift */ = {isa = PBXFileReference; fileEncoding = 4; lastKnownFileType = sourcecode.swift; path = productCell.swift; sourceTree = "<group>"; };
		D2506AE024D2764500BF160B /* productCell.xib */ = {isa = PBXFileReference; fileEncoding = 4; lastKnownFileType = file.xib; path = productCell.xib; sourceTree = "<group>"; };
		D2506AE324D2839D00BF160B /* ProductVC.swift */ = {isa = PBXFileReference; lastKnownFileType = sourcecode.swift; path = ProductVC.swift; sourceTree = "<group>"; };
		D2506AE524D29A7100BF160B /* radiusSettingPopup.swift */ = {isa = PBXFileReference; lastKnownFileType = sourcecode.swift; path = radiusSettingPopup.swift; sourceTree = "<group>"; };
		D2506AE624D29A7100BF160B /* radiusSettingPopup.xib */ = {isa = PBXFileReference; lastKnownFileType = file.xib; path = radiusSettingPopup.xib; sourceTree = "<group>"; };
		D2506AE924D2AE7000BF160B /* addToOderPopup.swift */ = {isa = PBXFileReference; lastKnownFileType = sourcecode.swift; path = addToOderPopup.swift; sourceTree = "<group>"; };
		D2506AEA24D2AE7000BF160B /* addToOderPopup.xib */ = {isa = PBXFileReference; lastKnownFileType = file.xib; path = addToOderPopup.xib; sourceTree = "<group>"; };
		D2508C072522166C006E1178 /* profileCell.swift */ = {isa = PBXFileReference; lastKnownFileType = sourcecode.swift; path = profileCell.swift; sourceTree = "<group>"; };
		D2508C082522166C006E1178 /* profileCell.xib */ = {isa = PBXFileReference; lastKnownFileType = file.xib; path = profileCell.xib; sourceTree = "<group>"; };
		D250EB2E25231D45000FBB8C /* updateAddressPopup.swift */ = {isa = PBXFileReference; lastKnownFileType = sourcecode.swift; path = updateAddressPopup.swift; sourceTree = "<group>"; };
		D250EB2F25231D45000FBB8C /* updateAddressPopup.xib */ = {isa = PBXFileReference; lastKnownFileType = file.xib; path = updateAddressPopup.xib; sourceTree = "<group>"; };
		D25134332570E6D00051A319 /* GoogleService-Info.plist */ = {isa = PBXFileReference; fileEncoding = 4; lastKnownFileType = text.plist.xml; path = "GoogleService-Info.plist"; sourceTree = "<group>"; };
		D2516457252EEB3B00B4C16D /* HistoryVC.swift */ = {isa = PBXFileReference; lastKnownFileType = sourcecode.swift; path = HistoryVC.swift; sourceTree = "<group>"; };
		D251645A252EFF2A00B4C16D /* receiptHeader.xib */ = {isa = PBXFileReference; fileEncoding = 4; lastKnownFileType = file.xib; path = receiptHeader.xib; sourceTree = "<group>"; };
		D251645B252EFF2B00B4C16D /* receiptHeader.swift */ = {isa = PBXFileReference; fileEncoding = 4; lastKnownFileType = sourcecode.swift; path = receiptHeader.swift; sourceTree = "<group>"; };
		D251645F252F089B00B4C16D /* ComplaintServices.swift */ = {isa = PBXFileReference; lastKnownFileType = sourcecode.swift; path = ComplaintServices.swift; sourceTree = "<group>"; };
		D2516462252F0A0800B4C16D /* lodgeComplaintPopup.swift */ = {isa = PBXFileReference; lastKnownFileType = sourcecode.swift; path = lodgeComplaintPopup.swift; sourceTree = "<group>"; };
		D2516463252F0A0800B4C16D /* lodgeComplaintPopup.xib */ = {isa = PBXFileReference; lastKnownFileType = file.xib; path = lodgeComplaintPopup.xib; sourceTree = "<group>"; };
		D2517117251C8E330064A237 /* rejectedReasonPopup.swift */ = {isa = PBXFileReference; lastKnownFileType = sourcecode.swift; path = rejectedReasonPopup.swift; sourceTree = "<group>"; };
		D2517118251C8E340064A237 /* rejectedReasonPopup.xib */ = {isa = PBXFileReference; lastKnownFileType = file.xib; path = rejectedReasonPopup.xib; sourceTree = "<group>"; };
		D251FDF524EBB190005B751F /* OrdersVC.swift */ = {isa = PBXFileReference; lastKnownFileType = sourcecode.swift; path = OrdersVC.swift; sourceTree = "<group>"; };
		D251FDF724EBB4CC005B751F /* orderHeader.swift */ = {isa = PBXFileReference; fileEncoding = 4; lastKnownFileType = sourcecode.swift; path = orderHeader.swift; sourceTree = "<group>"; };
		D251FDF824EBB4CD005B751F /* orderHeader.xib */ = {isa = PBXFileReference; fileEncoding = 4; lastKnownFileType = file.xib; path = orderHeader.xib; sourceTree = "<group>"; };
		D251FDFB24EBC0D5005B751F /* OrderServices.swift */ = {isa = PBXFileReference; fileEncoding = 4; lastKnownFileType = sourcecode.swift; path = OrderServices.swift; sourceTree = "<group>"; };
		D251FDFD24EBD214005B751F /* rejectedCommentPopup.swift */ = {isa = PBXFileReference; lastKnownFileType = sourcecode.swift; path = rejectedCommentPopup.swift; sourceTree = "<group>"; };
		D251FDFE24EBD214005B751F /* rejectedCommentPopup.xib */ = {isa = PBXFileReference; lastKnownFileType = file.xib; path = rejectedCommentPopup.xib; sourceTree = "<group>"; };
		D25283AE24DA689A00325978 /* PurchaseServices.swift */ = {isa = PBXFileReference; lastKnownFileType = sourcecode.swift; path = PurchaseServices.swift; sourceTree = "<group>"; };
		D253969324D93833004665E3 /* CartVC.swift */ = {isa = PBXFileReference; lastKnownFileType = sourcecode.swift; path = CartVC.swift; sourceTree = "<group>"; };
		D253969524D94629004665E3 /* cartCell.swift */ = {isa = PBXFileReference; lastKnownFileType = sourcecode.swift; path = cartCell.swift; sourceTree = "<group>"; };
		D253969624D94629004665E3 /* cartCell.xib */ = {isa = PBXFileReference; lastKnownFileType = file.xib; path = cartCell.xib; sourceTree = "<group>"; };
		D254C02B24D14E7400E7C69E /* GeoHash.swift */ = {isa = PBXFileReference; fileEncoding = 4; lastKnownFileType = sourcecode.swift; path = GeoHash.swift; sourceTree = "<group>"; };
		D254C02D24D1596100E7C69E /* Product.swift */ = {isa = PBXFileReference; fileEncoding = 4; lastKnownFileType = sourcecode.swift; path = Product.swift; sourceTree = "<group>"; };
		D254C02E24D1596100E7C69E /* Store.swift */ = {isa = PBXFileReference; fileEncoding = 4; lastKnownFileType = sourcecode.swift; path = Store.swift; sourceTree = "<group>"; };
		D254C03124D1610100E7C69E /* StoreServices.swift */ = {isa = PBXFileReference; fileEncoding = 4; lastKnownFileType = sourcecode.swift; path = StoreServices.swift; sourceTree = "<group>"; };
		D254C03324D164D100E7C69E /* storeCell.swift */ = {isa = PBXFileReference; lastKnownFileType = sourcecode.swift; path = storeCell.swift; sourceTree = "<group>"; };
		D254C03424D164D100E7C69E /* storeCell.xib */ = {isa = PBXFileReference; lastKnownFileType = file.xib; path = storeCell.xib; sourceTree = "<group>"; };
		D254DC7C2521E5EB002B7E17 /* ProfileVC.swift */ = {isa = PBXFileReference; lastKnownFileType = sourcecode.swift; path = ProfileVC.swift; sourceTree = "<group>"; };
		D270EC7D24C6C42100C9B3A7 /* ThePasar.app */ = {isa = PBXFileReference; explicitFileType = wrapper.application; includeInIndex = 0; path = ThePasar.app; sourceTree = BUILT_PRODUCTS_DIR; };
		D270EC8024C6C42100C9B3A7 /* AppDelegate.swift */ = {isa = PBXFileReference; lastKnownFileType = sourcecode.swift; path = AppDelegate.swift; sourceTree = "<group>"; };
		D270EC8424C6C42100C9B3A7 /* ViewController.swift */ = {isa = PBXFileReference; lastKnownFileType = sourcecode.swift; path = ViewController.swift; sourceTree = "<group>"; };
		D270EC8724C6C42200C9B3A7 /* Base */ = {isa = PBXFileReference; lastKnownFileType = file.storyboard; name = Base; path = Base.lproj/Main.storyboard; sourceTree = "<group>"; };
		D270EC8924C6C43900C9B3A7 /* Assets.xcassets */ = {isa = PBXFileReference; lastKnownFileType = folder.assetcatalog; path = Assets.xcassets; sourceTree = "<group>"; };
		D270EC8C24C6C43900C9B3A7 /* Base */ = {isa = PBXFileReference; lastKnownFileType = file.storyboard; name = Base; path = Base.lproj/LaunchScreen.storyboard; sourceTree = "<group>"; };
		D270EC8E24C6C43900C9B3A7 /* Info.plist */ = {isa = PBXFileReference; lastKnownFileType = text.plist.xml; path = Info.plist; sourceTree = "<group>"; };
		D270EC9A24C6E90800C9B3A7 /* Santana.ttf */ = {isa = PBXFileReference; lastKnownFileType = file; path = Santana.ttf; sourceTree = "<group>"; };
		D28BE2F9256B91D10006B51D /* ThePasar.entitlements */ = {isa = PBXFileReference; lastKnownFileType = text.plist.entitlements; path = ThePasar.entitlements; sourceTree = "<group>"; };
		D28BE2FB256B93560006B51D /* NotificationServices.swift */ = {isa = PBXFileReference; fileEncoding = 4; lastKnownFileType = sourcecode.swift; path = NotificationServices.swift; sourceTree = "<group>"; };
/* End PBXFileReference section */

/* Begin PBXFrameworksBuildPhase section */
		D270EC7A24C6C42100C9B3A7 /* Frameworks */ = {
			isa = PBXFrameworksBuildPhase;
			buildActionMask = 2147483647;
			files = (
				89C8067A15F20885617AB314 /* Pods_ThePasar.framework in Frameworks */,
			);
			runOnlyForDeploymentPostprocessing = 0;
		};
/* End PBXFrameworksBuildPhase section */

/* Begin PBXGroup section */
		3BA895C688A6BCD5002A243E /* Pods */ = {
			isa = PBXGroup;
			children = (
				366837CEE764D81C2E67E99C /* Pods-ThePasar.debug.xcconfig */,
				3D64DD778F8A139DC76AE048 /* Pods-ThePasar.release.xcconfig */,
			);
			path = Pods;
			sourceTree = "<group>";
		};
		D22E99DE25762D4B00183A20 /* Preregister */ = {
			isa = PBXGroup;
			children = (
				D22E99E02576309500183A20 /* ViewProductsVC.swift */,
			);
			path = Preregister;
			sourceTree = "<group>";
		};
		D24C4CB324C7F308005F27E4 /* Extension */ = {
			isa = PBXGroup;
			children = (
				D254C02B24D14E7400E7C69E /* GeoHash.swift */,
				D24C4CB624C7F346005F27E4 /* ImageCache.swift */,
				D24C4CB424C7F345005F27E4 /* RoundButton.swift */,
				D24C4CB524C7F345005F27E4 /* RoundImage.swift */,
			);
			path = Extension;
			sourceTree = "<group>";
		};
		D24C4CBA24C7F3F3005F27E4 /* Services */ = {
			isa = PBXGroup;
			children = (
				D28BE2FB256B93560006B51D /* NotificationServices.swift */,
				D251FDFB24EBC0D5005B751F /* OrderServices.swift */,
				D254C03124D1610100E7C69E /* StoreServices.swift */,
				D24C4CBB24C7F409005F27E4 /* AuthServices.swift */,
				D25283AE24DA689A00325978 /* PurchaseServices.swift */,
				D251645F252F089B00B4C16D /* ComplaintServices.swift */,
			);
			path = Services;
			sourceTree = "<group>";
		};
		D24C4CBD24C8203C005F27E4 /* Utilities */ = {
			isa = PBXGroup;
			children = (
				D24C4CBE24C82057005F27E4 /* Constant.swift */,
			);
			path = Utilities;
			sourceTree = "<group>";
		};
		D2506ADC24D2755400BF160B /* AccountVC */ = {
			isa = PBXGroup;
			children = (
				D24C4CB024C7F094005F27E4 /* LoginVC.swift */,
				D24C4CAF24C7F094005F27E4 /* SignUpVC.swift */,
				D24A90E724C965C800BC726F /* SignupProfileImageVC.swift */,
				D234CB92256E479D0046EB83 /* PasswordResetVC.swift */,
				D2232D6B25752A01008070A9 /* WalkthroughContentVC.swift */,
				D2232D6E25752B8E008070A9 /* WalkthroughPageVC.swift */,
				D2232D7125753091008070A9 /* WalkthroughVC.swift */,
			);
			path = AccountVC;
			sourceTree = "<group>";
		};
		D270EC7424C6C42100C9B3A7 = {
			isa = PBXGroup;
			children = (
				D270EC7F24C6C42100C9B3A7 /* ThePasar */,
				D270EC7E24C6C42100C9B3A7 /* Products */,
				3BA895C688A6BCD5002A243E /* Pods */,
				EF1219171A9E2362A9C4AD3A /* Frameworks */,
			);
			sourceTree = "<group>";
		};
		D270EC7E24C6C42100C9B3A7 /* Products */ = {
			isa = PBXGroup;
			children = (
				D270EC7D24C6C42100C9B3A7 /* ThePasar.app */,
			);
			name = Products;
			sourceTree = "<group>";
		};
		D270EC7F24C6C42100C9B3A7 /* ThePasar */ = {
			isa = PBXGroup;
			children = (
				D28BE2F9256B91D10006B51D /* ThePasar.entitlements */,
				D24C4CBD24C8203C005F27E4 /* Utilities */,
				D24C4CBA24C7F3F3005F27E4 /* Services */,
				D24C4CB324C7F308005F27E4 /* Extension */,
				D270EC9924C6E8B400C9B3A7 /* Font */,
				D270EC9824C6CECC00C9B3A7 /* View */,
				D270EC9724C6CEAD00C9B3A7 /* Model */,
				D270EC9624C6CE9E00C9B3A7 /* Controller */,
				D270EC8024C6C42100C9B3A7 /* AppDelegate.swift */,
				D270EC8424C6C42100C9B3A7 /* ViewController.swift */,
				D270EC8624C6C42200C9B3A7 /* Main.storyboard */,
				D270EC8924C6C43900C9B3A7 /* Assets.xcassets */,
				D270EC8B24C6C43900C9B3A7 /* LaunchScreen.storyboard */,
				D270EC8E24C6C43900C9B3A7 /* Info.plist */,
				D25134332570E6D00051A319 /* GoogleService-Info.plist */,
			);
			path = ThePasar;
			sourceTree = "<group>";
		};
		D270EC9624C6CE9E00C9B3A7 /* Controller */ = {
			isa = PBXGroup;
			children = (
				D22E99DE25762D4B00183A20 /* Preregister */,
				D2506ADC24D2755400BF160B /* AccountVC */,
				D24EF9C624CA9792005937C5 /* MainTabVC.swift */,
				D2506AE324D2839D00BF160B /* ProductVC.swift */,
				D253969324D93833004665E3 /* CartVC.swift */,
				D251FDF524EBB190005B751F /* OrdersVC.swift */,
				D254DC7C2521E5EB002B7E17 /* ProfileVC.swift */,
				D2516457252EEB3B00B4C16D /* HistoryVC.swift */,
			);
			path = Controller;
			sourceTree = "<group>";
		};
		D270EC9724C6CEAD00C9B3A7 /* Model */ = {
			isa = PBXGroup;
			children = (
				D254C02D24D1596100E7C69E /* Product.swift */,
				D254C02E24D1596100E7C69E /* Store.swift */,
				D24EF9C824CA9FFC005937C5 /* User.swift */,
			);
			path = Model;
			sourceTree = "<group>";
		};
		D270EC9824C6CECC00C9B3A7 /* View */ = {
			isa = PBXGroup;
			children = (
				D251645B252EFF2B00B4C16D /* receiptHeader.swift */,
				D251645A252EFF2A00B4C16D /* receiptHeader.xib */,
				D251FDF724EBB4CC005B751F /* orderHeader.swift */,
				D251FDF824EBB4CD005B751F /* orderHeader.xib */,
				D2506ADF24D2764400BF160B /* productCell.swift */,
				D2506AE024D2764500BF160B /* productCell.xib */,
				D254C03324D164D100E7C69E /* storeCell.swift */,
				D254C03424D164D100E7C69E /* storeCell.xib */,
				D2506AE524D29A7100BF160B /* radiusSettingPopup.swift */,
				D2506AE624D29A7100BF160B /* radiusSettingPopup.xib */,
				D2506AE924D2AE7000BF160B /* addToOderPopup.swift */,
				D2506AEA24D2AE7000BF160B /* addToOderPopup.xib */,
				D253969524D94629004665E3 /* cartCell.swift */,
				D253969624D94629004665E3 /* cartCell.xib */,
				D251FDFD24EBD214005B751F /* rejectedCommentPopup.swift */,
				D251FDFE24EBD214005B751F /* rejectedCommentPopup.xib */,
				D2517117251C8E330064A237 /* rejectedReasonPopup.swift */,
				D2517118251C8E340064A237 /* rejectedReasonPopup.xib */,
				D2508C072522166C006E1178 /* profileCell.swift */,
				D2508C082522166C006E1178 /* profileCell.xib */,
				D250EB2E25231D45000FBB8C /* updateAddressPopup.swift */,
				D250EB2F25231D45000FBB8C /* updateAddressPopup.xib */,
				D2516462252F0A0800B4C16D /* lodgeComplaintPopup.swift */,
				D2516463252F0A0800B4C16D /* lodgeComplaintPopup.xib */,
			);
			path = View;
			sourceTree = "<group>";
		};
		D270EC9924C6E8B400C9B3A7 /* Font */ = {
			isa = PBXGroup;
			children = (
				D270EC9A24C6E90800C9B3A7 /* Santana.ttf */,
			);
			path = Font;
			sourceTree = "<group>";
		};
		EF1219171A9E2362A9C4AD3A /* Frameworks */ = {
			isa = PBXGroup;
			children = (
				849F19812C1577C01AC9A928 /* Pods_ThePasar.framework */,
			);
			name = Frameworks;
			sourceTree = "<group>";
		};
/* End PBXGroup section */

/* Begin PBXNativeTarget section */
		D270EC7C24C6C42100C9B3A7 /* ThePasar */ = {
			isa = PBXNativeTarget;
			buildConfigurationList = D270EC9124C6C43900C9B3A7 /* Build configuration list for PBXNativeTarget "ThePasar" */;
			buildPhases = (
				8F012C4950EFC32B83504675 /* [CP] Check Pods Manifest.lock */,
				D270EC7924C6C42100C9B3A7 /* Sources */,
				D270EC7A24C6C42100C9B3A7 /* Frameworks */,
				D270EC7B24C6C42100C9B3A7 /* Resources */,
				017CEEF1A190491164C9D8D2 /* [CP] Embed Pods Frameworks */,
				3B05B33CE602715EDBC25564 /* [CP] Copy Pods Resources */,
			);
			buildRules = (
			);
			dependencies = (
			);
			name = ThePasar;
			productName = ThePasar;
			productReference = D270EC7D24C6C42100C9B3A7 /* ThePasar.app */;
			productType = "com.apple.product-type.application";
		};
/* End PBXNativeTarget section */

/* Begin PBXProject section */
		D270EC7524C6C42100C9B3A7 /* Project object */ = {
			isa = PBXProject;
			attributes = {
				LastSwiftUpdateCheck = 1160;
				LastUpgradeCheck = 1160;
				ORGANIZATIONNAME = "Satyia Anand";
				TargetAttributes = {
					D270EC7C24C6C42100C9B3A7 = {
						CreatedOnToolsVersion = 11.6;
					};
				};
			};
			buildConfigurationList = D270EC7824C6C42100C9B3A7 /* Build configuration list for PBXProject "ThePasar" */;
			compatibilityVersion = "Xcode 9.3";
			developmentRegion = en;
			hasScannedForEncodings = 0;
			knownRegions = (
				en,
				Base,
			);
			mainGroup = D270EC7424C6C42100C9B3A7;
			productRefGroup = D270EC7E24C6C42100C9B3A7 /* Products */;
			projectDirPath = "";
			projectRoot = "";
			targets = (
				D270EC7C24C6C42100C9B3A7 /* ThePasar */,
			);
		};
/* End PBXProject section */

/* Begin PBXResourcesBuildPhase section */
		D270EC7B24C6C42100C9B3A7 /* Resources */ = {
			isa = PBXResourcesBuildPhase;
			buildActionMask = 2147483647;
			files = (
				D253969824D94629004665E3 /* cartCell.xib in Resources */,
				D251FE0024EBD214005B751F /* rejectedCommentPopup.xib in Resources */,
				D2506AE824D29A7100BF160B /* radiusSettingPopup.xib in Resources */,
				D254C03624D164D100E7C69E /* storeCell.xib in Resources */,
				D270EC8D24C6C43900C9B3A7 /* LaunchScreen.storyboard in Resources */,
				D2506AE224D2764500BF160B /* productCell.xib in Resources */,
				D2506AEC24D2AE7000BF160B /* addToOderPopup.xib in Resources */,
				D251645C252EFF2B00B4C16D /* receiptHeader.xib in Resources */,
				D270EC8A24C6C43900C9B3A7 /* Assets.xcassets in Resources */,
				D2508C0A2522166C006E1178 /* profileCell.xib in Resources */,
				D250EB3125231D45000FBB8C /* updateAddressPopup.xib in Resources */,
				D270EC8824C6C42200C9B3A7 /* Main.storyboard in Resources */,
				D251711A251C8E340064A237 /* rejectedReasonPopup.xib in Resources */,
				D2516465252F0A0800B4C16D /* lodgeComplaintPopup.xib in Resources */,
				D25134342570E6D00051A319 /* GoogleService-Info.plist in Resources */,
				D251FDFA24EBB4CD005B751F /* orderHeader.xib in Resources */,
			);
			runOnlyForDeploymentPostprocessing = 0;
		};
/* End PBXResourcesBuildPhase section */

/* Begin PBXShellScriptBuildPhase section */
		017CEEF1A190491164C9D8D2 /* [CP] Embed Pods Frameworks */ = {
			isa = PBXShellScriptBuildPhase;
			buildActionMask = 2147483647;
			files = (
			);
			inputFileListPaths = (
				"${PODS_ROOT}/Target Support Files/Pods-ThePasar/Pods-ThePasar-frameworks-${CONFIGURATION}-input-files.xcfilelist",
			);
			name = "[CP] Embed Pods Frameworks";
			outputFileListPaths = (
				"${PODS_ROOT}/Target Support Files/Pods-ThePasar/Pods-ThePasar-frameworks-${CONFIGURATION}-output-files.xcfilelist",
			);
			runOnlyForDeploymentPostprocessing = 0;
			shellPath = /bin/sh;
			shellScript = "\"${PODS_ROOT}/Target Support Files/Pods-ThePasar/Pods-ThePasar-frameworks.sh\"\n";
			showEnvVarsInLog = 0;
		};
		3B05B33CE602715EDBC25564 /* [CP] Copy Pods Resources */ = {
			isa = PBXShellScriptBuildPhase;
			buildActionMask = 2147483647;
			files = (
			);
			inputFileListPaths = (
				"${PODS_ROOT}/Target Support Files/Pods-ThePasar/Pods-ThePasar-resources-${CONFIGURATION}-input-files.xcfilelist",
			);
			name = "[CP] Copy Pods Resources";
			outputFileListPaths = (
				"${PODS_ROOT}/Target Support Files/Pods-ThePasar/Pods-ThePasar-resources-${CONFIGURATION}-output-files.xcfilelist",
			);
			runOnlyForDeploymentPostprocessing = 0;
			shellPath = /bin/sh;
			shellScript = "\"${PODS_ROOT}/Target Support Files/Pods-ThePasar/Pods-ThePasar-resources.sh\"\n";
			showEnvVarsInLog = 0;
		};
		8F012C4950EFC32B83504675 /* [CP] Check Pods Manifest.lock */ = {
			isa = PBXShellScriptBuildPhase;
			buildActionMask = 2147483647;
			files = (
			);
			inputFileListPaths = (
			);
			inputPaths = (
				"${PODS_PODFILE_DIR_PATH}/Podfile.lock",
				"${PODS_ROOT}/Manifest.lock",
			);
			name = "[CP] Check Pods Manifest.lock";
			outputFileListPaths = (
			);
			outputPaths = (
				"$(DERIVED_FILE_DIR)/Pods-ThePasar-checkManifestLockResult.txt",
			);
			runOnlyForDeploymentPostprocessing = 0;
			shellPath = /bin/sh;
			shellScript = "diff \"${PODS_PODFILE_DIR_PATH}/Podfile.lock\" \"${PODS_ROOT}/Manifest.lock\" > /dev/null\nif [ $? != 0 ] ; then\n    # print error to STDERR\n    echo \"error: The sandbox is not in sync with the Podfile.lock. Run 'pod install' or update your CocoaPods installation.\" >&2\n    exit 1\nfi\n# This output is used by Xcode 'outputs' to avoid re-running this script phase.\necho \"SUCCESS\" > \"${SCRIPT_OUTPUT_FILE_0}\"\n";
			showEnvVarsInLog = 0;
		};
/* End PBXShellScriptBuildPhase section */

/* Begin PBXSourcesBuildPhase section */
		D270EC7924C6C42100C9B3A7 /* Sources */ = {
			isa = PBXSourcesBuildPhase;
			buildActionMask = 2147483647;
			files = (
				D254DC7D2521E5EB002B7E17 /* ProfileVC.swift in Sources */,
				D25283AF24DA689A00325978 /* PurchaseServices.swift in Sources */,
				D251FDF624EBB190005B751F /* OrdersVC.swift in Sources */,
				D2506AE124D2764500BF160B /* productCell.swift in Sources */,
				D2232D6C25752A01008070A9 /* WalkthroughContentVC.swift in Sources */,
				D22E99E12576309500183A20 /* ViewProductsVC.swift in Sources */,
				D254C03024D1596100E7C69E /* Store.swift in Sources */,
				D24EF9C924CA9FFC005937C5 /* User.swift in Sources */,
				D24C4CB724C7F346005F27E4 /* RoundButton.swift in Sources */,
				D24C4CB124C7F094005F27E4 /* SignUpVC.swift in Sources */,
				D251FDFC24EBC0D5005B751F /* OrderServices.swift in Sources */,
				D24A90E824C965C800BC726F /* SignupProfileImageVC.swift in Sources */,
				D2506AE424D2839D00BF160B /* ProductVC.swift in Sources */,
				D251FDFF24EBD214005B751F /* rejectedCommentPopup.swift in Sources */,
				D2506AEB24D2AE7000BF160B /* addToOderPopup.swift in Sources */,
				D2232D7225753091008070A9 /* WalkthroughVC.swift in Sources */,
				D2517119251C8E340064A237 /* rejectedReasonPopup.swift in Sources */,
				D24C4CB924C7F346005F27E4 /* ImageCache.swift in Sources */,
				D270EC8524C6C42100C9B3A7 /* ViewController.swift in Sources */,
				D250EB3025231D45000FBB8C /* updateAddressPopup.swift in Sources */,
				D270EC8124C6C42100C9B3A7 /* AppDelegate.swift in Sources */,
				D2516464252F0A0800B4C16D /* lodgeComplaintPopup.swift in Sources */,
				D2508C092522166C006E1178 /* profileCell.swift in Sources */,
				D2516458252EEB3B00B4C16D /* HistoryVC.swift in Sources */,
				D24EF9C724CA9792005937C5 /* MainTabVC.swift in Sources */,
				D253969424D93833004665E3 /* CartVC.swift in Sources */,
				D24C4CBC24C7F409005F27E4 /* AuthServices.swift in Sources */,
				D24C4CBF24C82057005F27E4 /* Constant.swift in Sources */,
				D24C4CB824C7F346005F27E4 /* RoundImage.swift in Sources */,
				D251645D252EFF2B00B4C16D /* receiptHeader.swift in Sources */,
				D254C03524D164D100E7C69E /* storeCell.swift in Sources */,
				D24C4CB224C7F094005F27E4 /* LoginVC.swift in Sources */,
				D234CB93256E479D0046EB83 /* PasswordResetVC.swift in Sources */,
				D254C02C24D14E7500E7C69E /* GeoHash.swift in Sources */,
				D251FDF924EBB4CD005B751F /* orderHeader.swift in Sources */,
				D2506AE724D29A7100BF160B /* radiusSettingPopup.swift in Sources */,
				D2516460252F089B00B4C16D /* ComplaintServices.swift in Sources */,
				D254C02F24D1596100E7C69E /* Product.swift in Sources */,
				D254C03224D1610100E7C69E /* StoreServices.swift in Sources */,
				D253969724D94629004665E3 /* cartCell.swift in Sources */,
				D28BE2FC256B93560006B51D /* NotificationServices.swift in Sources */,
				D2232D6F25752B8E008070A9 /* WalkthroughPageVC.swift in Sources */,
			);
			runOnlyForDeploymentPostprocessing = 0;
		};
/* End PBXSourcesBuildPhase section */

/* Begin PBXVariantGroup section */
		D270EC8624C6C42200C9B3A7 /* Main.storyboard */ = {
			isa = PBXVariantGroup;
			children = (
				D270EC8724C6C42200C9B3A7 /* Base */,
			);
			name = Main.storyboard;
			sourceTree = "<group>";
		};
		D270EC8B24C6C43900C9B3A7 /* LaunchScreen.storyboard */ = {
			isa = PBXVariantGroup;
			children = (
				D270EC8C24C6C43900C9B3A7 /* Base */,
			);
			name = LaunchScreen.storyboard;
			sourceTree = "<group>";
		};
/* End PBXVariantGroup section */

/* Begin XCBuildConfiguration section */
		D270EC8F24C6C43900C9B3A7 /* Debug */ = {
			isa = XCBuildConfiguration;
			buildSettings = {
				ALWAYS_SEARCH_USER_PATHS = NO;
				CLANG_ANALYZER_NONNULL = YES;
				CLANG_ANALYZER_NUMBER_OBJECT_CONVERSION = YES_AGGRESSIVE;
				CLANG_CXX_LANGUAGE_STANDARD = "gnu++14";
				CLANG_CXX_LIBRARY = "libc++";
				CLANG_ENABLE_MODULES = YES;
				CLANG_ENABLE_OBJC_ARC = YES;
				CLANG_ENABLE_OBJC_WEAK = YES;
				CLANG_WARN_BLOCK_CAPTURE_AUTORELEASING = YES;
				CLANG_WARN_BOOL_CONVERSION = YES;
				CLANG_WARN_COMMA = YES;
				CLANG_WARN_CONSTANT_CONVERSION = YES;
				CLANG_WARN_DEPRECATED_OBJC_IMPLEMENTATIONS = YES;
				CLANG_WARN_DIRECT_OBJC_ISA_USAGE = YES_ERROR;
				CLANG_WARN_DOCUMENTATION_COMMENTS = YES;
				CLANG_WARN_EMPTY_BODY = YES;
				CLANG_WARN_ENUM_CONVERSION = YES;
				CLANG_WARN_INFINITE_RECURSION = YES;
				CLANG_WARN_INT_CONVERSION = YES;
				CLANG_WARN_NON_LITERAL_NULL_CONVERSION = YES;
				CLANG_WARN_OBJC_IMPLICIT_RETAIN_SELF = YES;
				CLANG_WARN_OBJC_LITERAL_CONVERSION = YES;
				CLANG_WARN_OBJC_ROOT_CLASS = YES_ERROR;
				CLANG_WARN_RANGE_LOOP_ANALYSIS = YES;
				CLANG_WARN_STRICT_PROTOTYPES = YES;
				CLANG_WARN_SUSPICIOUS_MOVE = YES;
				CLANG_WARN_UNGUARDED_AVAILABILITY = YES_AGGRESSIVE;
				CLANG_WARN_UNREACHABLE_CODE = YES;
				CLANG_WARN__DUPLICATE_METHOD_MATCH = YES;
				COPY_PHASE_STRIP = NO;
				DEBUG_INFORMATION_FORMAT = dwarf;
				ENABLE_STRICT_OBJC_MSGSEND = YES;
				ENABLE_TESTABILITY = YES;
				GCC_C_LANGUAGE_STANDARD = gnu11;
				GCC_DYNAMIC_NO_PIC = NO;
				GCC_NO_COMMON_BLOCKS = YES;
				GCC_OPTIMIZATION_LEVEL = 0;
				GCC_PREPROCESSOR_DEFINITIONS = (
					"DEBUG=1",
					"$(inherited)",
				);
				GCC_WARN_64_TO_32_BIT_CONVERSION = YES;
				GCC_WARN_ABOUT_RETURN_TYPE = YES_ERROR;
				GCC_WARN_UNDECLARED_SELECTOR = YES;
				GCC_WARN_UNINITIALIZED_AUTOS = YES_AGGRESSIVE;
				GCC_WARN_UNUSED_FUNCTION = YES;
				GCC_WARN_UNUSED_VARIABLE = YES;
				IPHONEOS_DEPLOYMENT_TARGET = 13.6;
				MTL_ENABLE_DEBUG_INFO = INCLUDE_SOURCE;
				MTL_FAST_MATH = YES;
				ONLY_ACTIVE_ARCH = YES;
				SDKROOT = iphoneos;
				SWIFT_ACTIVE_COMPILATION_CONDITIONS = DEBUG;
				SWIFT_OPTIMIZATION_LEVEL = "-Onone";
			};
			name = Debug;
		};
		D270EC9024C6C43900C9B3A7 /* Release */ = {
			isa = XCBuildConfiguration;
			buildSettings = {
				ALWAYS_SEARCH_USER_PATHS = NO;
				CLANG_ANALYZER_NONNULL = YES;
				CLANG_ANALYZER_NUMBER_OBJECT_CONVERSION = YES_AGGRESSIVE;
				CLANG_CXX_LANGUAGE_STANDARD = "gnu++14";
				CLANG_CXX_LIBRARY = "libc++";
				CLANG_ENABLE_MODULES = YES;
				CLANG_ENABLE_OBJC_ARC = YES;
				CLANG_ENABLE_OBJC_WEAK = YES;
				CLANG_WARN_BLOCK_CAPTURE_AUTORELEASING = YES;
				CLANG_WARN_BOOL_CONVERSION = YES;
				CLANG_WARN_COMMA = YES;
				CLANG_WARN_CONSTANT_CONVERSION = YES;
				CLANG_WARN_DEPRECATED_OBJC_IMPLEMENTATIONS = YES;
				CLANG_WARN_DIRECT_OBJC_ISA_USAGE = YES_ERROR;
				CLANG_WARN_DOCUMENTATION_COMMENTS = YES;
				CLANG_WARN_EMPTY_BODY = YES;
				CLANG_WARN_ENUM_CONVERSION = YES;
				CLANG_WARN_INFINITE_RECURSION = YES;
				CLANG_WARN_INT_CONVERSION = YES;
				CLANG_WARN_NON_LITERAL_NULL_CONVERSION = YES;
				CLANG_WARN_OBJC_IMPLICIT_RETAIN_SELF = YES;
				CLANG_WARN_OBJC_LITERAL_CONVERSION = YES;
				CLANG_WARN_OBJC_ROOT_CLASS = YES_ERROR;
				CLANG_WARN_RANGE_LOOP_ANALYSIS = YES;
				CLANG_WARN_STRICT_PROTOTYPES = YES;
				CLANG_WARN_SUSPICIOUS_MOVE = YES;
				CLANG_WARN_UNGUARDED_AVAILABILITY = YES_AGGRESSIVE;
				CLANG_WARN_UNREACHABLE_CODE = YES;
				CLANG_WARN__DUPLICATE_METHOD_MATCH = YES;
				COPY_PHASE_STRIP = NO;
				DEBUG_INFORMATION_FORMAT = "dwarf-with-dsym";
				ENABLE_NS_ASSERTIONS = NO;
				ENABLE_STRICT_OBJC_MSGSEND = YES;
				GCC_C_LANGUAGE_STANDARD = gnu11;
				GCC_NO_COMMON_BLOCKS = YES;
				GCC_WARN_64_TO_32_BIT_CONVERSION = YES;
				GCC_WARN_ABOUT_RETURN_TYPE = YES_ERROR;
				GCC_WARN_UNDECLARED_SELECTOR = YES;
				GCC_WARN_UNINITIALIZED_AUTOS = YES_AGGRESSIVE;
				GCC_WARN_UNUSED_FUNCTION = YES;
				GCC_WARN_UNUSED_VARIABLE = YES;
				IPHONEOS_DEPLOYMENT_TARGET = 13.6;
				MTL_ENABLE_DEBUG_INFO = NO;
				MTL_FAST_MATH = YES;
				SDKROOT = iphoneos;
				SWIFT_COMPILATION_MODE = wholemodule;
				SWIFT_OPTIMIZATION_LEVEL = "-O";
				VALIDATE_PRODUCT = YES;
			};
			name = Release;
		};
		D270EC9224C6C43900C9B3A7 /* Debug */ = {
			isa = XCBuildConfiguration;
			baseConfigurationReference = 366837CEE764D81C2E67E99C /* Pods-ThePasar.debug.xcconfig */;
			buildSettings = {
				ASSETCATALOG_COMPILER_APPICON_NAME = AppIcon;
				CODE_SIGN_ENTITLEMENTS = ThePasar/ThePasar.entitlements;
				CODE_SIGN_STYLE = Automatic;
				CURRENT_PROJECT_VERSION = 6;
				DEVELOPMENT_TEAM = 93SA3SA2TF;
				INFOPLIST_FILE = ThePasar/Info.plist;
				IPHONEOS_DEPLOYMENT_TARGET = 13.5;
				LD_RUNPATH_SEARCH_PATHS = (
					"$(inherited)",
					"@executable_path/Frameworks",
				);
				MARKETING_VERSION = 1.0.5;
				PRODUCT_BUNDLE_IDENTIFIER = com.Strydhr.ThePasar;
				PRODUCT_NAME = "$(TARGET_NAME)";
				SWIFT_VERSION = 5.0;
				TARGETED_DEVICE_FAMILY = 1;
			};
			name = Debug;
		};
		D270EC9324C6C43900C9B3A7 /* Release */ = {
			isa = XCBuildConfiguration;
			baseConfigurationReference = 3D64DD778F8A139DC76AE048 /* Pods-ThePasar.release.xcconfig */;
			buildSettings = {
				ASSETCATALOG_COMPILER_APPICON_NAME = AppIcon;
				CODE_SIGN_ENTITLEMENTS = ThePasar/ThePasar.entitlements;
				CODE_SIGN_STYLE = Automatic;
				CURRENT_PROJECT_VERSION = 6;
				DEVELOPMENT_TEAM = 93SA3SA2TF;
				INFOPLIST_FILE = ThePasar/Info.plist;
				IPHONEOS_DEPLOYMENT_TARGET = 13.5;
				LD_RUNPATH_SEARCH_PATHS = (
					"$(inherited)",
					"@executable_path/Frameworks",
				);
				MARKETING_VERSION = 1.0.5;
				PRODUCT_BUNDLE_IDENTIFIER = com.Strydhr.ThePasar;
				PRODUCT_NAME = "$(TARGET_NAME)";
				SWIFT_VERSION = 5.0;
				TARGETED_DEVICE_FAMILY = 1;
			};
			name = Release;
		};
/* End XCBuildConfiguration section */

/* Begin XCConfigurationList section */
		D270EC7824C6C42100C9B3A7 /* Build configuration list for PBXProject "ThePasar" */ = {
			isa = XCConfigurationList;
			buildConfigurations = (
				D270EC8F24C6C43900C9B3A7 /* Debug */,
				D270EC9024C6C43900C9B3A7 /* Release */,
			);
			defaultConfigurationIsVisible = 0;
			defaultConfigurationName = Release;
		};
		D270EC9124C6C43900C9B3A7 /* Build configuration list for PBXNativeTarget "ThePasar" */ = {
			isa = XCConfigurationList;
			buildConfigurations = (
				D270EC9224C6C43900C9B3A7 /* Debug */,
				D270EC9324C6C43900C9B3A7 /* Release */,
			);
			defaultConfigurationIsVisible = 0;
			defaultConfigurationName = Release;
		};
/* End XCConfigurationList section */
	};
	rootObject = D270EC7524C6C42100C9B3A7 /* Project object */;
}
